# THIS IS AN AUTOGENERATED FILE. DO NOT EDIT THIS FILE DIRECTLY.
# yarn lockfile v1


lodash.isequal@^4.5.0:
  version "4.5.0"
  resolved "https://registry.yarnpkg.com/lodash.isequal/-/lodash.isequal-4.5.0.tgz#415c4478f2bcc30120c22ce10ed3226f7d3e18e0"
  integrity sha1-QVxEePK8wwEgwizhDtMib30+GOA=

lodash.keys@^4.2.0:
  version "4.2.0"
  resolved "https://registry.yarnpkg.com/lodash.keys/-/lodash.keys-4.2.0.tgz#a08602ac12e4fb83f91fc1fb7a360a4d9ba35205"
  integrity sha1-oIYCrBLk+4P5H8H7ejYKTZujUgU=

lodash.merge@^4.6.2:
  version "4.6.2"
  resolved "https://registry.yarnpkg.com/lodash.merge/-/lodash.merge-4.6.2.tgz#558aa53b43b661e1925a0afdfa36a9a1085fe57a"
  integrity sha512-0KpjqXRVvrYyCsX1swR/XTK0va6VQkQM6MNo7PqW77ByjAhoARA8EfrP1N4+KlKj8YS0ZUCtRT/YUuhyYDujIQ==

lodash.omit@^4.5.0:
  version "4.5.0"
  resolved "https://registry.yarnpkg.com/lodash.omit/-/lodash.omit-4.5.0.tgz#6eb19ae5a1ee1dd9df0b969e66ce0b7fa30b5e60"
  integrity sha1-brGa5aHuHdnfC5aeZs4Lf6MLXmA=

lodash.without@^4.4.0:
  version "4.4.0"
  resolved "https://registry.yarnpkg.com/lodash.without/-/lodash.without-4.4.0.tgz#3cd4574a00b67bae373a94b748772640507b7aac"
  integrity sha1-PNRXSgC2e643OpS3SHcmQFB7eqw=

lodash.xor@^4.5.0:
  version "4.5.0"
  resolved "https://registry.yarnpkg.com/lodash.xor/-/lodash.xor-4.5.0.tgz#4d48ed7e98095b0632582ba714d3ff8ae8fb1db6"
  integrity sha1-TUjtfpgJWwYyWCunFNP/iuj7HbY=

to-json-schema@^0.2.5:
  version "0.2.5"
  resolved "https://registry.yarnpkg.com/to-json-schema/-/to-json-schema-0.2.5.tgz#ef3c3f11ad64460dcfbdbafd0fd525d69d62a98f"
  integrity sha512-jP1ievOee8pec3tV9ncxLSS48Bnw7DIybgy112rhMCEhf3K4uyVNZZHr03iQQBzbV5v5Hos+dlZRRyk6YSMNDw==
  dependencies:
    lodash.isequal "^4.5.0"
    lodash.keys "^4.2.0"
    lodash.merge "^4.6.2"
    lodash.omit "^4.5.0"
    lodash.without "^4.4.0"
    lodash.xor "^4.5.0"
